
Microsoft Visual Studio Solution File, Format Version 12.00
# Visual Studio Version 17
VisualStudioVersion = 17.7.34031.279
MinimumVisualStudioVersion = 10.0.40219.1
Project("{9A19103F-16F7-4668-BE54-9A1E7A4F7556}") = "V10 (major)", "V10 (major)\V10 (major).csproj", "{E096932E-2664-4B23-A1A3-CE30ADAE6CFA}"
EndProject
Project("{2150E333-8FDC-42A3-9474-1A3956D46DE8}") = "Solution Items", "Solution Items", "{B9BA3687-3121-4904-9373-8DA85541682E}"
EndProject
Global
	GlobalSection(SolutionConfigurationPlatforms) = preSolution
		Debug|Any CPU = Debug|Any CPU
		Release|Any CPU = Release|Any CPU
	EndGlobalSection
	GlobalSection(ProjectConfigurationPlatforms) = postSolution
		{E096932E-2664-4B23-A1A3-CE30ADAE6CFA}.Debug|Any CPU.ActiveCfg = Debug|Any CPU
		{E096932E-2664-4B23-A1A3-CE30ADAE6CFA}.Debug|Any CPU.Build.0 = Debug|Any CPU
		{E096932E-2664-4B23-A1A3-CE30ADAE6CFA}.Release|Any CPU.ActiveCfg = Release|Any CPU
		{E096932E-2664-4B23-A1A3-CE30ADAE6CFA}.Release|Any CPU.Build.0 = Release|Any CPU
	EndGlobalSection
	GlobalSection(SolutionProperties) = preSolution
		HideSolutionNode = FALSE
	EndGlobalSection
	GlobalSection(ExtensibilityGlobals) = postSolution
		SolutionGuid = {EA98777B-8DD9-4B3F-B5F2-5CF47B9F2FCE}
	EndGlobalSection
EndGlobal
